
Microsoft Visual Studio Solution File, Format Version 12.00
# Visual Studio Version 17
VisualStudioVersion = 17.11.35201.85
MinimumVisualStudioVersion = 10.0.40219.1
Project("{2150E333-8FDC-42A3-9474-1A3956D46DE8}") = "Services", "Services", "{4A13BDB3-7687-41AD-8DDB-7178DA4CA65C}"
EndProject
Project("{2150E333-8FDC-42A3-9474-1A3956D46DE8}") = "Catalog", "Catalog", "{8014857B-1B64-423A-A52B-F3CCC6332D78}"
EndProject
Project("{9A19103F-16F7-4668-BE54-9A1E7A4F7556}") = "Catalog.API", "Services\Catalog\Catalog.API\Catalog.API.csproj", "{DF898AF5-FE2E-43E8-818F-72E4127E47A7}"
EndProject
Project("{2150E333-8FDC-42A3-9474-1A3956D46DE8}") = "BuildingBlocks", "BuildingBlocks", "{1AFA8902-005A-4D39-AA27-FF5BCD64BC60}"
EndProject
Project("{9A19103F-16F7-4668-BE54-9A1E7A4F7556}") = "BuildingBlocks", "BuildingBlocks\BuildingBlocks\BuildingBlocks.csproj", "{88030412-10F0-4273-95D5-16CC8F1418CE}"
EndProject
Project("{E53339B2-1760-4266-BCC7-CA923CBCF16C}") = "docker-compose", "docker-compose.dcproj", "{041A92D0-988E-4D6A-969A-C078259E77CB}"
EndProject
Project("{2150E333-8FDC-42A3-9474-1A3956D46DE8}") = "Basket", "Basket", "{F158BEAD-9817-4917-9DB6-756CFC25B5C3}"
EndProject
Project("{9A19103F-16F7-4668-BE54-9A1E7A4F7556}") = "Basket.API", "Services\Basket\Basket.API\Basket.API.csproj", "{D73C90BA-4560-4602-B9AD-B1C7244890F8}"
EndProject
Project("{2150E333-8FDC-42A3-9474-1A3956D46DE8}") = "Discount", "Discount", "{AAE6FF01-3944-452E-A391-02502C13AD41}"
EndProject
Project("{9A19103F-16F7-4668-BE54-9A1E7A4F7556}") = "Discount.Grpc", "Services\Discount\Discount.Grpc\Discount.Grpc.csproj", "{2FCAC91E-FE89-4814-8396-1ABD46922CBF}"
EndProject
Project("{2150E333-8FDC-42A3-9474-1A3956D46DE8}") = "Ordering", "Ordering", "{68A5A47E-6851-4417-836D-D4D75814AC26}"
EndProject
Project("{FAE04EC0-301F-11D3-BF4B-00C04F79EFBC}") = "Ordering.API", "Services\Ordering\Ordering.API\Ordering.API.csproj", "{E84B7537-60E3-4BCF-9712-C37AA5392A5D}"
EndProject
Project("{FAE04EC0-301F-11D3-BF4B-00C04F79EFBC}") = "Ordering.Domain", "Services\Ordering\ClassLibrary1\Ordering.Domain.csproj", "{F3C1517D-F9C6-4DF7-8109-55869ADD1F0E}"
EndProject
Project("{FAE04EC0-301F-11D3-BF4B-00C04F79EFBC}") = "Ordering.Application", "Services\Ordering\Ordering.Application\Ordering.Application.csproj", "{8D7FE9FF-B42A-40FC-B448-FD03937FB9BF}"
EndProject
Project("{FAE04EC0-301F-11D3-BF4B-00C04F79EFBC}") = "Ordering.Infrastructure", "Services\Ordering\Ordering.Infrastructure\Ordering.Infrastructure.csproj", "{35BDE9EC-F8CA-4BCE-AAA9-FACD37F01621}"
EndProject
Global
	GlobalSection(SolutionConfigurationPlatforms) = preSolution
		Debug|Any CPU = Debug|Any CPU
		Release|Any CPU = Release|Any CPU
	EndGlobalSection
	GlobalSection(ProjectConfigurationPlatforms) = postSolution
		{DF898AF5-FE2E-43E8-818F-72E4127E47A7}.Debug|Any CPU.ActiveCfg = Debug|Any CPU
		{DF898AF5-FE2E-43E8-818F-72E4127E47A7}.Debug|Any CPU.Build.0 = Debug|Any CPU
		{DF898AF5-FE2E-43E8-818F-72E4127E47A7}.Release|Any CPU.ActiveCfg = Release|Any CPU
		{DF898AF5-FE2E-43E8-818F-72E4127E47A7}.Release|Any CPU.Build.0 = Release|Any CPU
		{88030412-10F0-4273-95D5-16CC8F1418CE}.Debug|Any CPU.ActiveCfg = Debug|Any CPU
		{88030412-10F0-4273-95D5-16CC8F1418CE}.Debug|Any CPU.Build.0 = Debug|Any CPU
		{88030412-10F0-4273-95D5-16CC8F1418CE}.Release|Any CPU.ActiveCfg = Release|Any CPU
		{88030412-10F0-4273-95D5-16CC8F1418CE}.Release|Any CPU.Build.0 = Release|Any CPU
		{041A92D0-988E-4D6A-969A-C078259E77CB}.Debug|Any CPU.ActiveCfg = Debug|Any CPU
		{041A92D0-988E-4D6A-969A-C078259E77CB}.Debug|Any CPU.Build.0 = Debug|Any CPU
		{041A92D0-988E-4D6A-969A-C078259E77CB}.Release|Any CPU.ActiveCfg = Release|Any CPU
		{041A92D0-988E-4D6A-969A-C078259E77CB}.Release|Any CPU.Build.0 = Release|Any CPU
		{D73C90BA-4560-4602-B9AD-B1C7244890F8}.Debug|Any CPU.ActiveCfg = Debug|Any CPU
		{D73C90BA-4560-4602-B9AD-B1C7244890F8}.Debug|Any CPU.Build.0 = Debug|Any CPU
		{D73C90BA-4560-4602-B9AD-B1C7244890F8}.Release|Any CPU.ActiveCfg = Release|Any CPU
		{D73C90BA-4560-4602-B9AD-B1C7244890F8}.Release|Any CPU.Build.0 = Release|Any CPU
		{2FCAC91E-FE89-4814-8396-1ABD46922CBF}.Debug|Any CPU.ActiveCfg = Debug|Any CPU
		{2FCAC91E-FE89-4814-8396-1ABD46922CBF}.Debug|Any CPU.Build.0 = Debug|Any CPU
		{2FCAC91E-FE89-4814-8396-1ABD46922CBF}.Release|Any CPU.ActiveCfg = Release|Any CPU
		{2FCAC91E-FE89-4814-8396-1ABD46922CBF}.Release|Any CPU.Build.0 = Release|Any CPU
		{E84B7537-60E3-4BCF-9712-C37AA5392A5D}.Debug|Any CPU.ActiveCfg = Debug|Any CPU
		{E84B7537-60E3-4BCF-9712-C37AA5392A5D}.Debug|Any CPU.Build.0 = Debug|Any CPU
		{E84B7537-60E3-4BCF-9712-C37AA5392A5D}.Release|Any CPU.ActiveCfg = Release|Any CPU
		{E84B7537-60E3-4BCF-9712-C37AA5392A5D}.Release|Any CPU.Build.0 = Release|Any CPU
		{F3C1517D-F9C6-4DF7-8109-55869ADD1F0E}.Debug|Any CPU.ActiveCfg = Debug|Any CPU
		{F3C1517D-F9C6-4DF7-8109-55869ADD1F0E}.Debug|Any CPU.Build.0 = Debug|Any CPU
		{F3C1517D-F9C6-4DF7-8109-55869ADD1F0E}.Release|Any CPU.ActiveCfg = Release|Any CPU
		{F3C1517D-F9C6-4DF7-8109-55869ADD1F0E}.Release|Any CPU.Build.0 = Release|Any CPU
		{8D7FE9FF-B42A-40FC-B448-FD03937FB9BF}.Debug|Any CPU.ActiveCfg = Debug|Any CPU
		{8D7FE9FF-B42A-40FC-B448-FD03937FB9BF}.Debug|Any CPU.Build.0 = Debug|Any CPU
		{8D7FE9FF-B42A-40FC-B448-FD03937FB9BF}.Release|Any CPU.ActiveCfg = Release|Any CPU
		{8D7FE9FF-B42A-40FC-B448-FD03937FB9BF}.Release|Any CPU.Build.0 = Release|Any CPU
		{35BDE9EC-F8CA-4BCE-AAA9-FACD37F01621}.Debug|Any CPU.ActiveCfg = Debug|Any CPU
		{35BDE9EC-F8CA-4BCE-AAA9-FACD37F01621}.Debug|Any CPU.Build.0 = Debug|Any CPU
		{35BDE9EC-F8CA-4BCE-AAA9-FACD37F01621}.Release|Any CPU.ActiveCfg = Release|Any CPU
		{35BDE9EC-F8CA-4BCE-AAA9-FACD37F01621}.Release|Any CPU.Build.0 = Release|Any CPU
	EndGlobalSection
	GlobalSection(SolutionProperties) = preSolution
		HideSolutionNode = FALSE
	EndGlobalSection
	GlobalSection(NestedProjects) = preSolution
		{8014857B-1B64-423A-A52B-F3CCC6332D78} = {4A13BDB3-7687-41AD-8DDB-7178DA4CA65C}
		{DF898AF5-FE2E-43E8-818F-72E4127E47A7} = {8014857B-1B64-423A-A52B-F3CCC6332D78}
		{88030412-10F0-4273-95D5-16CC8F1418CE} = {1AFA8902-005A-4D39-AA27-FF5BCD64BC60}
		{F158BEAD-9817-4917-9DB6-756CFC25B5C3} = {4A13BDB3-7687-41AD-8DDB-7178DA4CA65C}
		{D73C90BA-4560-4602-B9AD-B1C7244890F8} = {F158BEAD-9817-4917-9DB6-756CFC25B5C3}
		{AAE6FF01-3944-452E-A391-02502C13AD41} = {4A13BDB3-7687-41AD-8DDB-7178DA4CA65C}
		{2FCAC91E-FE89-4814-8396-1ABD46922CBF} = {AAE6FF01-3944-452E-A391-02502C13AD41}
		{68A5A47E-6851-4417-836D-D4D75814AC26} = {4A13BDB3-7687-41AD-8DDB-7178DA4CA65C}
		{E84B7537-60E3-4BCF-9712-C37AA5392A5D} = {68A5A47E-6851-4417-836D-D4D75814AC26}
		{F3C1517D-F9C6-4DF7-8109-55869ADD1F0E} = {68A5A47E-6851-4417-836D-D4D75814AC26}
		{8D7FE9FF-B42A-40FC-B448-FD03937FB9BF} = {68A5A47E-6851-4417-836D-D4D75814AC26}
		{35BDE9EC-F8CA-4BCE-AAA9-FACD37F01621} = {68A5A47E-6851-4417-836D-D4D75814AC26}
	EndGlobalSection
	GlobalSection(ExtensibilityGlobals) = postSolution
		SolutionGuid = {47FD1D66-B7EF-410D-9986-CD1FDACAB7F2}
	EndGlobalSection
EndGlobal
